// !$*UTF8*$!
{
	archiveVersion = 1;
	classes = {
	};
	objectVersion = 46;
	objects = {

/* Begin PBXBuildFile section */
		F101858C1A673E4D003F906E /* ChooseFiltersViewController.swift in Sources */ = {isa = PBXBuildFile; fileRef = F101858A1A673E4D003F906E /* ChooseFiltersViewController.swift */; };
		F101858D1A673E4D003F906E /* ChooseFiltersViewController.xib in Resources */ = {isa = PBXBuildFile; fileRef = F101858B1A673E4D003F906E /* ChooseFiltersViewController.xib */; };
		F101858F1A674120003F906E /* FilterCollectionViewCell.swift in Sources */ = {isa = PBXBuildFile; fileRef = F101858E1A674120003F906E /* FilterCollectionViewCell.swift */; };
		F10185911A67414A003F906E /* FilterCollectionViewCell.xib in Resources */ = {isa = PBXBuildFile; fileRef = F10185901A67414A003F906E /* FilterCollectionViewCell.xib */; };
		F10185951A67434F003F906E /* ImageProcessingUtil.swift in Sources */ = {isa = PBXBuildFile; fileRef = F10185931A67434F003F906E /* ImageProcessingUtil.swift */; };
		F10185961A67434F003F906E /* ViewLayoutUtils.swift in Sources */ = {isa = PBXBuildFile; fileRef = F10185941A67434F003F906E /* ViewLayoutUtils.swift */; };
		F101F1611A6B202D004849F1 /* SlidingView.swift in Sources */ = {isa = PBXBuildFile; fileRef = F101F1601A6B202D004849F1 /* SlidingView.swift */; };
		F109CE9E1A56F8770011CA55 /* AppDelegate.swift in Sources */ = {isa = PBXBuildFile; fileRef = F109CE9D1A56F8770011CA55 /* AppDelegate.swift */; };
		F109CEA71A56F8770011CA55 /* Images.xcassets in Resources */ = {isa = PBXBuildFile; fileRef = F109CEA61A56F8770011CA55 /* Images.xcassets */; };
		F109CEB61A56F8770011CA55 /* TagMomentTests.swift in Sources */ = {isa = PBXBuildFile; fileRef = F109CEB51A56F8770011CA55 /* TagMomentTests.swift */; };
		F10F63681A97927A00EDCAE3 /* NavbarView.xib in Resources */ = {isa = PBXBuildFile; fileRef = F10F63671A97927A00EDCAE3 /* NavbarView.xib */; };
		F11647861A880BC10094BEF4 /* TMFireFilter.swift in Sources */ = {isa = PBXBuildFile; fileRef = F11647851A880BC10094BEF4 /* TMFireFilter.swift */; };
		F137FDD01A648CEF007B40B3 /* CameraSessionService.swift in Sources */ = {isa = PBXBuildFile; fileRef = F137FDCF1A648CEF007B40B3 /* CameraSessionService.swift */; };
		F14A81431A58B0B300B5D14F /* TMCircleMask.swift in Sources */ = {isa = PBXBuildFile; fileRef = F14A81421A58B0B300B5D14F /* TMCircleMask.swift */; };
		F14A81451A58B31500B5D14F /* TMWaveMask.swift in Sources */ = {isa = PBXBuildFile; fileRef = F14A81441A58B31500B5D14F /* TMWaveMask.swift */; };
		F14A81471A58B52700B5D14F /* TMHeartMask.swift in Sources */ = {isa = PBXBuildFile; fileRef = F14A81461A58B52700B5D14F /* TMHeartMask.swift */; };
		F14C27081AC9E58800C19968 /* LeftAligned.m in Sources */ = {isa = PBXBuildFile; fileRef = F14C27071AC9E58800C19968 /* LeftAligned.m */; };
		F14C270A1AC9E86700C19968 /* TMSunFilter.swift in Sources */ = {isa = PBXBuildFile; fileRef = F14C27091AC9E86700C19968 /* TMSunFilter.swift */; };
		F14FDB071B0BD9C4002C4A5D /* TMStarMask.swift in Sources */ = {isa = PBXBuildFile; fileRef = F14FDB061B0BD9C4002C4A5D /* TMStarMask.swift */; };
		F14FDB091B0BDA07002C4A5D /* StarMaskPathBuilder.swift in Sources */ = {isa = PBXBuildFile; fileRef = F14FDB081B0BDA07002C4A5D /* StarMaskPathBuilder.swift */; };
		F14FDB0B1B0BDDBD002C4A5D /* TMBubbleMask.swift in Sources */ = {isa = PBXBuildFile; fileRef = F14FDB0A1B0BDDBD002C4A5D /* TMBubbleMask.swift */; };
		F156B4281A5C918600B1E0EA /* TMMaskCasual.swift in Sources */ = {isa = PBXBuildFile; fileRef = F156B4271A5C918600B1E0EA /* TMMaskCasual.swift */; };
		F15AD4131B029A1700D18472 /* TMTopHalfCircleMask.swift in Sources */ = {isa = PBXBuildFile; fileRef = F15AD4121B029A1700D18472 /* TMTopHalfCircleMask.swift */; };
		F15AD4151B029D4000D18472 /* TMBottomHalfCircleMask.swift in Sources */ = {isa = PBXBuildFile; fileRef = F15AD4141B029D4000D18472 /* TMBottomHalfCircleMask.swift */; };
		F15AD4171B029E4200D18472 /* TMDiamondMask.swift in Sources */ = {isa = PBXBuildFile; fileRef = F15AD4161B029E4200D18472 /* TMDiamondMask.swift */; };
		F15F398E1B1BB260002ADAAF /* SlidingButton.swift in Sources */ = {isa = PBXBuildFile; fileRef = F15F398D1B1BB260002ADAAF /* SlidingButton.swift */; };
		F1604C701A574CC40055C721 /* image1.jpeg in Resources */ = {isa = PBXBuildFile; fileRef = F1604C6E1A574CC40055C721 /* image1.jpeg */; };
		F1604C711A574CC40055C721 /* image2.jpeg in Resources */ = {isa = PBXBuildFile; fileRef = F1604C6F1A574CC40055C721 /* image2.jpeg */; };
		F16112361AED7C3800A453C6 /* ClippingViewWithTouch.swift in Sources */ = {isa = PBXBuildFile; fileRef = F16112351AED7C3800A453C6 /* ClippingViewWithTouch.swift */; };
		F161782E1B16525C00444D9E /* PaddedLabel.swift in Sources */ = {isa = PBXBuildFile; fileRef = F161782D1B16525C00444D9E /* PaddedLabel.swift */; };
		F16864661B1CDFF8007B61A1 /* MenuViewController.swift in Sources */ = {isa = PBXBuildFile; fileRef = F16864641B1CDFF8007B61A1 /* MenuViewController.swift */; };
		F16864671B1CDFF8007B61A1 /* MenuViewController.xib in Resources */ = {isa = PBXBuildFile; fileRef = F16864651B1CDFF8007B61A1 /* MenuViewController.xib */; };
		F16864691B1CE2BD007B61A1 /* MainViewController+Menu.swift in Sources */ = {isa = PBXBuildFile; fileRef = F16864681B1CE2BD007B61A1 /* MainViewController+Menu.swift */; };
		F168646B1B1CEB8A007B61A1 /* VisualEffectsUtil.swift in Sources */ = {isa = PBXBuildFile; fileRef = F168646A1B1CEB8A007B61A1 /* VisualEffectsUtil.swift */; };
		F16864721B1CF3CF007B61A1 /* FeedbackViewController.swift in Sources */ = {isa = PBXBuildFile; fileRef = F16864701B1CF3CF007B61A1 /* FeedbackViewController.swift */; };
		F16864731B1CF3CF007B61A1 /* FeedbackViewController.xib in Resources */ = {isa = PBXBuildFile; fileRef = F16864711B1CF3CF007B61A1 /* FeedbackViewController.xib */; };
		F16A45231A93930700230DAD /* TMFilterBase.swift in Sources */ = {isa = PBXBuildFile; fileRef = F16A45221A93930700230DAD /* TMFilterBase.swift */; };
		F16D27761A9A712B0000F759 /* SharingViewController.swift in Sources */ = {isa = PBXBuildFile; fileRef = F16D27741A9A712B0000F759 /* SharingViewController.swift */; };
		F16D27771A9A712B0000F759 /* SharingViewController.xib in Resources */ = {isa = PBXBuildFile; fileRef = F16D27751A9A712B0000F759 /* SharingViewController.xib */; };
		F16D277A1A9A84F60000F759 /* GiddyupStd.ttf in Resources */ = {isa = PBXBuildFile; fileRef = F16D27791A9A83570000F759 /* GiddyupStd.ttf */; };
		F175A12E1AD8370200760025 /* MainViewController.swift in Sources */ = {isa = PBXBuildFile; fileRef = F175A12C1AD8370200760025 /* MainViewController.swift */; };
		F175A12F1AD8370200760025 /* MainViewController.xib in Resources */ = {isa = PBXBuildFile; fileRef = F175A12D1AD8370200760025 /* MainViewController.xib */; };
		F175A1311AD850B800760025 /* FilterConstantParameter.swift in Sources */ = {isa = PBXBuildFile; fileRef = F175A1301AD850B800760025 /* FilterConstantParameter.swift */; };
		F175A1331AD859F500760025 /* TMAlphaFilterBase.swift in Sources */ = {isa = PBXBuildFile; fileRef = F175A1321AD859F500760025 /* TMAlphaFilterBase.swift */; };
		F175A1351AD85E6F00760025 /* TMGamerFilter.swift in Sources */ = {isa = PBXBuildFile; fileRef = F175A1341AD85E6F00760025 /* TMGamerFilter.swift */; };
		F17672691AA515BF00588865 /* libTestFairy.a in Frameworks */ = {isa = PBXBuildFile; fileRef = F17672661AA515BF00588865 /* libTestFairy.a */; };
		F176726A1AA515BF00588865 /* upload-dsym.sh in Resources */ = {isa = PBXBuildFile; fileRef = F17672681AA515BF00588865 /* upload-dsym.sh */; };
		F176726C1AA515D500588865 /* CoreMotion.framework in Frameworks */ = {isa = PBXBuildFile; fileRef = F176726B1AA515D500588865 /* CoreMotion.framework */; };
		F176726E1AA515E200588865 /* CoreMedia.framework in Frameworks */ = {isa = PBXBuildFile; fileRef = F176726D1AA515E200588865 /* CoreMedia.framework */; };
		F17672701AA515E900588865 /* AVFoundation.framework in Frameworks */ = {isa = PBXBuildFile; fileRef = F176726F1AA515E900588865 /* AVFoundation.framework */; };
		F17672721AA515F200588865 /* SystemConfiguration.framework in Frameworks */ = {isa = PBXBuildFile; fileRef = F17672711AA515F200588865 /* SystemConfiguration.framework */; };
		F17672741AA515FA00588865 /* OpenGLES.framework in Frameworks */ = {isa = PBXBuildFile; fileRef = F17672731AA515FA00588865 /* OpenGLES.framework */; };
		F17A416D1AB477930074E5F5 /* TMTextField.swift in Sources */ = {isa = PBXBuildFile; fileRef = F17A416C1AB477930074E5F5 /* TMTextField.swift */; };
		F17A41711AB47FAC0074E5F5 /* iCarousel.m in Sources */ = {isa = PBXBuildFile; fileRef = F17A41701AB47FAC0074E5F5 /* iCarousel.m */; };
		F19620C11A881A8800DCFB85 /* TMMusicFilter.swift in Sources */ = {isa = PBXBuildFile; fileRef = F19620C01A881A8800DCFB85 /* TMMusicFilter.swift */; };
		F19620C31A881B0800DCFB85 /* TMStarFilter.swift in Sources */ = {isa = PBXBuildFile; fileRef = F19620C21A881B0800DCFB85 /* TMStarFilter.swift */; };
		F19620C51A881B7300DCFB85 /* TMSurpriseFilter.swift in Sources */ = {isa = PBXBuildFile; fileRef = F19620C41A881B7300DCFB85 /* TMSurpriseFilter.swift */; };
		F19620C71A881BDE00DCFB85 /* TMTravelFilter.swift in Sources */ = {isa = PBXBuildFile; fileRef = F19620C61A881BDE00DCFB85 /* TMTravelFilter.swift */; };
		F19620C91A881C5200DCFB85 /* TMCloudFilter.swift in Sources */ = {isa = PBXBuildFile; fileRef = F19620C81A881C5200DCFB85 /* TMCloudFilter.swift */; };
		F19620CB1A881D3E00DCFB85 /* TMFilterFactory.swift in Sources */ = {isa = PBXBuildFile; fileRef = F19620CA1A881D3E00DCFB85 /* TMFilterFactory.swift */; };
		F1A142151A93FC81001D63C6 /* FilterScalarParameter.swift in Sources */ = {isa = PBXBuildFile; fileRef = F1A142141A93FC81001D63C6 /* FilterScalarParameter.swift */; };
		F1A142171A93FC8F001D63C6 /* FilterImageParameter.swift in Sources */ = {isa = PBXBuildFile; fileRef = F1A142161A93FC8F001D63C6 /* FilterImageParameter.swift */; };
		F1A142191A93FD5B001D63C6 /* FilterParameterProtocol.swift in Sources */ = {isa = PBXBuildFile; fileRef = F1A142181A93FD5B001D63C6 /* FilterParameterProtocol.swift */; };
		F1A1421B1A940073001D63C6 /* FilterVectorParameter.swift in Sources */ = {isa = PBXBuildFile; fileRef = F1A1421A1A940073001D63C6 /* FilterVectorParameter.swift */; };
		F1A7B7611A585DF80033FE64 /* TMHorizontalRectMask.swift in Sources */ = {isa = PBXBuildFile; fileRef = F1A7B75D1A585DF80033FE64 /* TMHorizontalRectMask.swift */; };
		F1A7B7621A585DF80033FE64 /* TMMask.swift in Sources */ = {isa = PBXBuildFile; fileRef = F1A7B75E1A585DF80033FE64 /* TMMask.swift */; };
		F1A7B7631A585DF80033FE64 /* TMTraingleMask.swift in Sources */ = {isa = PBXBuildFile; fileRef = F1A7B75F1A585DF80033FE64 /* TMTraingleMask.swift */; };
		F1A7B7641A585DF80033FE64 /* TMVerticalRectMask.swift in Sources */ = {isa = PBXBuildFile; fileRef = F1A7B7601A585DF80033FE64 /* TMVerticalRectMask.swift */; };
		F1A7B7661A585E180033FE64 /* MaskFactory.swift in Sources */ = {isa = PBXBuildFile; fileRef = F1A7B7651A585E180033FE64 /* MaskFactory.swift */; };
		F1A7B7681A5893010033FE64 /* TMMaskViewModel.swift in Sources */ = {isa = PBXBuildFile; fileRef = F1A7B7671A5893010033FE64 /* TMMaskViewModel.swift */; };
		F1A7B7711A58AF4B0033FE64 /* ChooseMasksViewController.swift in Sources */ = {isa = PBXBuildFile; fileRef = F1A7B76D1A58AF4B0033FE64 /* ChooseMasksViewController.swift */; };
		F1A7B7721A58AF4B0033FE64 /* ChooseMasksViewController.xib in Resources */ = {isa = PBXBuildFile; fileRef = F1A7B76E1A58AF4B0033FE64 /* ChooseMasksViewController.xib */; };
		F1A7B7731A58AF4B0033FE64 /* MaskCollectionViewCell.swift in Sources */ = {isa = PBXBuildFile; fileRef = F1A7B76F1A58AF4B0033FE64 /* MaskCollectionViewCell.swift */; };
		F1A7B7741A58AF4B0033FE64 /* MaskCollectionViewCell.xib in Resources */ = {isa = PBXBuildFile; fileRef = F1A7B7701A58AF4B0033FE64 /* MaskCollectionViewCell.xib */; };
		F1AE759B1AFAB3BC00A8335B /* MainViewController+MasksHandling.swift in Sources */ = {isa = PBXBuildFile; fileRef = F1AE759A1AFAB3BC00A8335B /* MainViewController+MasksHandling.swift */; };
		F1AE759D1AFAB65900A8335B /* MainViewController+CameraViews.swift in Sources */ = {isa = PBXBuildFile; fileRef = F1AE759C1AFAB65900A8335B /* MainViewController+CameraViews.swift */; };
		F1B190FA1AAE4DDB0001B86E /* Array+Shuffle.swift in Sources */ = {isa = PBXBuildFile; fileRef = F1B190F91AAE4DDB0001B86E /* Array+Shuffle.swift */; };
		F1B4ECE41A88072400C11FEF /* TMFilterInterface.swift in Sources */ = {isa = PBXBuildFile; fileRef = F1B4ECE31A88072400C11FEF /* TMFilterInterface.swift */; };
		F1B4ECE61A88082B00C11FEF /* TMArtistFilter.swift in Sources */ = {isa = PBXBuildFile; fileRef = F1B4ECE51A88082B00C11FEF /* TMArtistFilter.swift */; };
		F1CC18341A97911300DB77F2 /* TakeImageNavBar.swift in Sources */ = {isa = PBXBuildFile; fileRef = F1CC18331A97911300DB77F2 /* TakeImageNavBar.swift */; };
		F1D4B6AF1A8809AD00396E25 /* TMSunsetFilter.swift in Sources */ = {isa = PBXBuildFile; fileRef = F1D4B6AE1A8809AD00396E25 /* TMSunsetFilter.swift */; };
		F1D4B6B11A880A8300396E25 /* TMCocktailFilter.swift in Sources */ = {isa = PBXBuildFile; fileRef = F1D4B6B01A880A8300396E25 /* TMCocktailFilter.swift */; };
		F1D4B6B31A880B3900396E25 /* TMCoffeeFilter.swift in Sources */ = {isa = PBXBuildFile; fileRef = F1D4B6B21A880B3900396E25 /* TMCoffeeFilter.swift */; };
		F1DDA81F1AD99D730005DEDD /* MainViewController+SmallScreen.swift in Sources */ = {isa = PBXBuildFile; fileRef = F1DDA81E1AD99D730005DEDD /* MainViewController+SmallScreen.swift */; };
		F1DDA8211AD9AD610005DEDD /* SmallScreenSharingButtonsView.swift in Sources */ = {isa = PBXBuildFile; fileRef = F1DDA8201AD9AD610005DEDD /* SmallScreenSharingButtonsView.swift */; };
		F1DDA8231AD9AD890005DEDD /* SmallScreenSharingButtonsView.xib in Resources */ = {isa = PBXBuildFile; fileRef = F1DDA8221AD9AD890005DEDD /* SmallScreenSharingButtonsView.xib */; };
		F1EC479B1ABDFE3700081CDF /* TagsCollectionViewCell.swift in Sources */ = {isa = PBXBuildFile; fileRef = F1EC47991ABDFE3700081CDF /* TagsCollectionViewCell.swift */; };
		F1EC479C1ABDFE3700081CDF /* TagsCollectionViewCell.xib in Resources */ = {isa = PBXBuildFile; fileRef = F1EC479A1ABDFE3700081CDF /* TagsCollectionViewCell.xib */; };
		F1ECA3741A88157A0018EFA2 /* TMVintageFilter.swift in Sources */ = {isa = PBXBuildFile; fileRef = F1ECA3731A88157A0018EFA2 /* TMVintageFilter.swift */; };
		F1ECA3781A88167A0018EFA2 /* TMLoveFilter.swift in Sources */ = {isa = PBXBuildFile; fileRef = F1ECA3771A88167A0018EFA2 /* TMLoveFilter.swift */; };
/* End PBXBuildFile section */

/* Begin PBXContainerItemProxy section */
		F109CEB01A56F8770011CA55 /* PBXContainerItemProxy */ = {
			isa = PBXContainerItemProxy;
			containerPortal = F109CE901A56F8770011CA55 /* Project object */;
			proxyType = 1;
			remoteGlobalIDString = F109CE971A56F8770011CA55;
			remoteInfo = TagMoment;
		};
/* End PBXContainerItemProxy section */

/* Begin PBXFileReference section */
		F101858A1A673E4D003F906E /* ChooseFiltersViewController.swift */ = {isa = PBXFileReference; fileEncoding = 4; lastKnownFileType = sourcecode.swift; path = ChooseFiltersViewController.swift; sourceTree = "<group>"; };
		F101858B1A673E4D003F906E /* ChooseFiltersViewController.xib */ = {isa = PBXFileReference; fileEncoding = 4; lastKnownFileType = file.xib; path = ChooseFiltersViewController.xib; sourceTree = "<group>"; };
		F101858E1A674120003F906E /* FilterCollectionViewCell.swift */ = {isa = PBXFileReference; fileEncoding = 4; lastKnownFileType = sourcecode.swift; path = FilterCollectionViewCell.swift; sourceTree = "<group>"; };
		F10185901A67414A003F906E /* FilterCollectionViewCell.xib */ = {isa = PBXFileReference; fileEncoding = 4; lastKnownFileType = file.xib; path = FilterCollectionViewCell.xib; sourceTree = "<group>"; };
		F10185931A67434F003F906E /* ImageProcessingUtil.swift */ = {isa = PBXFileReference; fileEncoding = 4; lastKnownFileType = sourcecode.swift; path = ImageProcessingUtil.swift; sourceTree = "<group>"; };
		F10185941A67434F003F906E /* ViewLayoutUtils.swift */ = {isa = PBXFileReference; fileEncoding = 4; lastKnownFileType = sourcecode.swift; path = ViewLayoutUtils.swift; sourceTree = "<group>"; };
		F101F1601A6B202D004849F1 /* SlidingView.swift */ = {isa = PBXFileReference; fileEncoding = 4; lastKnownFileType = sourcecode.swift; path = SlidingView.swift; sourceTree = "<group>"; };
		F109CE981A56F8770011CA55 /* TagMoment.app */ = {isa = PBXFileReference; explicitFileType = wrapper.application; includeInIndex = 0; path = TagMoment.app; sourceTree = BUILT_PRODUCTS_DIR; };
		F109CE9C1A56F8770011CA55 /* Info.plist */ = {isa = PBXFileReference; lastKnownFileType = text.plist.xml; path = Info.plist; sourceTree = "<group>"; };
		F109CE9D1A56F8770011CA55 /* AppDelegate.swift */ = {isa = PBXFileReference; lastKnownFileType = sourcecode.swift; path = AppDelegate.swift; sourceTree = "<group>"; };
		F109CEA61A56F8770011CA55 /* Images.xcassets */ = {isa = PBXFileReference; lastKnownFileType = folder.assetcatalog; path = Images.xcassets; sourceTree = "<group>"; };
		F109CEAF1A56F8770011CA55 /* TagMomentTests.xctest */ = {isa = PBXFileReference; explicitFileType = wrapper.cfbundle; includeInIndex = 0; path = TagMomentTests.xctest; sourceTree = BUILT_PRODUCTS_DIR; };
		F109CEB41A56F8770011CA55 /* Info.plist */ = {isa = PBXFileReference; lastKnownFileType = text.plist.xml; path = Info.plist; sourceTree = "<group>"; };
		F109CEB51A56F8770011CA55 /* TagMomentTests.swift */ = {isa = PBXFileReference; lastKnownFileType = sourcecode.swift; path = TagMomentTests.swift; sourceTree = "<group>"; };
		F10F63671A97927A00EDCAE3 /* NavbarView.xib */ = {isa = PBXFileReference; fileEncoding = 4; lastKnownFileType = file.xib; path = NavbarView.xib; sourceTree = "<group>"; };
		F11647851A880BC10094BEF4 /* TMFireFilter.swift */ = {isa = PBXFileReference; fileEncoding = 4; lastKnownFileType = sourcecode.swift; path = TMFireFilter.swift; sourceTree = "<group>"; };
		F137FDCF1A648CEF007B40B3 /* CameraSessionService.swift */ = {isa = PBXFileReference; fileEncoding = 4; lastKnownFileType = sourcecode.swift; path = CameraSessionService.swift; sourceTree = "<group>"; };
		F14A81421A58B0B300B5D14F /* TMCircleMask.swift */ = {isa = PBXFileReference; fileEncoding = 4; lastKnownFileType = sourcecode.swift; path = TMCircleMask.swift; sourceTree = "<group>"; };
		F14A81441A58B31500B5D14F /* TMWaveMask.swift */ = {isa = PBXFileReference; fileEncoding = 4; lastKnownFileType = sourcecode.swift; path = TMWaveMask.swift; sourceTree = "<group>"; };
		F14A81461A58B52700B5D14F /* TMHeartMask.swift */ = {isa = PBXFileReference; fileEncoding = 4; lastKnownFileType = sourcecode.swift; path = TMHeartMask.swift; sourceTree = "<group>"; };
		F14C27061AC9E58800C19968 /* LeftAligned.h */ = {isa = PBXFileReference; fileEncoding = 4; lastKnownFileType = sourcecode.c.h; path = LeftAligned.h; sourceTree = "<group>"; };
		F14C27071AC9E58800C19968 /* LeftAligned.m */ = {isa = PBXFileReference; fileEncoding = 4; lastKnownFileType = sourcecode.c.objc; path = LeftAligned.m; sourceTree = "<group>"; };
		F14C27091AC9E86700C19968 /* TMSunFilter.swift */ = {isa = PBXFileReference; fileEncoding = 4; lastKnownFileType = sourcecode.swift; path = TMSunFilter.swift; sourceTree = "<group>"; };
		F14FDB061B0BD9C4002C4A5D /* TMStarMask.swift */ = {isa = PBXFileReference; fileEncoding = 4; lastKnownFileType = sourcecode.swift; path = TMStarMask.swift; sourceTree = "<group>"; };
		F14FDB081B0BDA07002C4A5D /* StarMaskPathBuilder.swift */ = {isa = PBXFileReference; fileEncoding = 4; lastKnownFileType = sourcecode.swift; path = StarMaskPathBuilder.swift; sourceTree = "<group>"; };
		F14FDB0A1B0BDDBD002C4A5D /* TMBubbleMask.swift */ = {isa = PBXFileReference; fileEncoding = 4; lastKnownFileType = sourcecode.swift; path = TMBubbleMask.swift; sourceTree = "<group>"; };
		F156B4271A5C918600B1E0EA /* TMMaskCasual.swift */ = {isa = PBXFileReference; fileEncoding = 4; lastKnownFileType = sourcecode.swift; path = TMMaskCasual.swift; sourceTree = "<group>"; };
		F15AD4121B029A1700D18472 /* TMTopHalfCircleMask.swift */ = {isa = PBXFileReference; fileEncoding = 4; lastKnownFileType = sourcecode.swift; path = TMTopHalfCircleMask.swift; sourceTree = "<group>"; };
		F15AD4141B029D4000D18472 /* TMBottomHalfCircleMask.swift */ = {isa = PBXFileReference; fileEncoding = 4; lastKnownFileType = sourcecode.swift; path = TMBottomHalfCircleMask.swift; sourceTree = "<group>"; };
		F15AD4161B029E4200D18472 /* TMDiamondMask.swift */ = {isa = PBXFileReference; fileEncoding = 4; lastKnownFileType = sourcecode.swift; path = TMDiamondMask.swift; sourceTree = "<group>"; };
		F15F398D1B1BB260002ADAAF /* SlidingButton.swift */ = {isa = PBXFileReference; fileEncoding = 4; lastKnownFileType = sourcecode.swift; path = SlidingButton.swift; sourceTree = "<group>"; };
		F1604C6E1A574CC40055C721 /* image1.jpeg */ = {isa = PBXFileReference; lastKnownFileType = image.jpeg; path = image1.jpeg; sourceTree = "<group>"; };
		F1604C6F1A574CC40055C721 /* image2.jpeg */ = {isa = PBXFileReference; lastKnownFileType = image.jpeg; path = image2.jpeg; sourceTree = "<group>"; };
		F16112351AED7C3800A453C6 /* ClippingViewWithTouch.swift */ = {isa = PBXFileReference; fileEncoding = 4; lastKnownFileType = sourcecode.swift; path = ClippingViewWithTouch.swift; sourceTree = "<group>"; };
		F161782D1B16525C00444D9E /* PaddedLabel.swift */ = {isa = PBXFileReference; fileEncoding = 4; lastKnownFileType = sourcecode.swift; path = PaddedLabel.swift; sourceTree = "<group>"; };
		F16864641B1CDFF8007B61A1 /* MenuViewController.swift */ = {isa = PBXFileReference; fileEncoding = 4; lastKnownFileType = sourcecode.swift; path = MenuViewController.swift; sourceTree = "<group>"; };
		F16864651B1CDFF8007B61A1 /* MenuViewController.xib */ = {isa = PBXFileReference; fileEncoding = 4; lastKnownFileType = file.xib; path = MenuViewController.xib; sourceTree = "<group>"; };
		F16864681B1CE2BD007B61A1 /* MainViewController+Menu.swift */ = {isa = PBXFileReference; fileEncoding = 4; lastKnownFileType = sourcecode.swift; path = "MainViewController+Menu.swift"; sourceTree = "<group>"; };
		F168646A1B1CEB8A007B61A1 /* VisualEffectsUtil.swift */ = {isa = PBXFileReference; fileEncoding = 4; lastKnownFileType = sourcecode.swift; path = VisualEffectsUtil.swift; sourceTree = "<group>"; };
		F16864701B1CF3CF007B61A1 /* FeedbackViewController.swift */ = {isa = PBXFileReference; fileEncoding = 4; lastKnownFileType = sourcecode.swift; path = FeedbackViewController.swift; sourceTree = "<group>"; };
		F16864711B1CF3CF007B61A1 /* FeedbackViewController.xib */ = {isa = PBXFileReference; fileEncoding = 4; lastKnownFileType = file.xib; path = FeedbackViewController.xib; sourceTree = "<group>"; };
		F16A45221A93930700230DAD /* TMFilterBase.swift */ = {isa = PBXFileReference; fileEncoding = 4; lastKnownFileType = sourcecode.swift; path = TMFilterBase.swift; sourceTree = "<group>"; };
		F16D27741A9A712B0000F759 /* SharingViewController.swift */ = {isa = PBXFileReference; fileEncoding = 4; lastKnownFileType = sourcecode.swift; path = SharingViewController.swift; sourceTree = "<group>"; };
		F16D27751A9A712B0000F759 /* SharingViewController.xib */ = {isa = PBXFileReference; fileEncoding = 4; lastKnownFileType = file.xib; path = SharingViewController.xib; sourceTree = "<group>"; };
		F16D27791A9A83570000F759 /* GiddyupStd.ttf */ = {isa = PBXFileReference; lastKnownFileType = file; path = GiddyupStd.ttf; sourceTree = "<group>"; };
		F175A12C1AD8370200760025 /* MainViewController.swift */ = {isa = PBXFileReference; fileEncoding = 4; lastKnownFileType = sourcecode.swift; path = MainViewController.swift; sourceTree = "<group>"; };
		F175A12D1AD8370200760025 /* MainViewController.xib */ = {isa = PBXFileReference; fileEncoding = 4; lastKnownFileType = file.xib; path = MainViewController.xib; sourceTree = "<group>"; };
		F175A1301AD850B800760025 /* FilterConstantParameter.swift */ = {isa = PBXFileReference; fileEncoding = 4; lastKnownFileType = sourcecode.swift; path = FilterConstantParameter.swift; sourceTree = "<group>"; };
		F175A1321AD859F500760025 /* TMAlphaFilterBase.swift */ = {isa = PBXFileReference; fileEncoding = 4; lastKnownFileType = sourcecode.swift; path = TMAlphaFilterBase.swift; sourceTree = "<group>"; };
		F175A1341AD85E6F00760025 /* TMGamerFilter.swift */ = {isa = PBXFileReference; fileEncoding = 4; lastKnownFileType = sourcecode.swift; path = TMGamerFilter.swift; sourceTree = "<group>"; };
		F17672661AA515BF00588865 /* libTestFairy.a */ = {isa = PBXFileReference; lastKnownFileType = archive.ar; path = libTestFairy.a; sourceTree = "<group>"; };
		F17672671AA515BF00588865 /* TestFairy.h */ = {isa = PBXFileReference; fileEncoding = 4; lastKnownFileType = sourcecode.c.h; path = TestFairy.h; sourceTree = "<group>"; };
		F17672681AA515BF00588865 /* upload-dsym.sh */ = {isa = PBXFileReference; fileEncoding = 4; lastKnownFileType = text.script.sh; path = "upload-dsym.sh"; sourceTree = "<group>"; };
		F176726B1AA515D500588865 /* CoreMotion.framework */ = {isa = PBXFileReference; lastKnownFileType = wrapper.framework; name = CoreMotion.framework; path = System/Library/Frameworks/CoreMotion.framework; sourceTree = SDKROOT; };
		F176726D1AA515E200588865 /* CoreMedia.framework */ = {isa = PBXFileReference; lastKnownFileType = wrapper.framework; name = CoreMedia.framework; path = System/Library/Frameworks/CoreMedia.framework; sourceTree = SDKROOT; };
		F176726F1AA515E900588865 /* AVFoundation.framework */ = {isa = PBXFileReference; lastKnownFileType = wrapper.framework; name = AVFoundation.framework; path = System/Library/Frameworks/AVFoundation.framework; sourceTree = SDKROOT; };
		F17672711AA515F200588865 /* SystemConfiguration.framework */ = {isa = PBXFileReference; lastKnownFileType = wrapper.framework; name = SystemConfiguration.framework; path = System/Library/Frameworks/SystemConfiguration.framework; sourceTree = SDKROOT; };
		F17672731AA515FA00588865 /* OpenGLES.framework */ = {isa = PBXFileReference; lastKnownFileType = wrapper.framework; name = OpenGLES.framework; path = System/Library/Frameworks/OpenGLES.framework; sourceTree = SDKROOT; };
		F17672751AA5195F00588865 /* TestFairy-Bridging-Header.h */ = {isa = PBXFileReference; lastKnownFileType = sourcecode.c.h; path = "TestFairy-Bridging-Header.h"; sourceTree = "<group>"; };
		F17A416C1AB477930074E5F5 /* TMTextField.swift */ = {isa = PBXFileReference; fileEncoding = 4; lastKnownFileType = sourcecode.swift; path = TMTextField.swift; sourceTree = "<group>"; };
		F17A416F1AB47FAC0074E5F5 /* iCarousel.h */ = {isa = PBXFileReference; fileEncoding = 4; lastKnownFileType = sourcecode.c.h; path = iCarousel.h; sourceTree = "<group>"; };
		F17A41701AB47FAC0074E5F5 /* iCarousel.m */ = {isa = PBXFileReference; fileEncoding = 4; lastKnownFileType = sourcecode.c.objc; path = iCarousel.m; sourceTree = "<group>"; };
		F17A41731AB480070074E5F5 /* iCarousel-Bridging-Header.h */ = {isa = PBXFileReference; fileEncoding = 4; lastKnownFileType = sourcecode.c.h; path = "iCarousel-Bridging-Header.h"; sourceTree = "<group>"; };
		F19620C01A881A8800DCFB85 /* TMMusicFilter.swift */ = {isa = PBXFileReference; fileEncoding = 4; lastKnownFileType = sourcecode.swift; path = TMMusicFilter.swift; sourceTree = "<group>"; };
		F19620C21A881B0800DCFB85 /* TMStarFilter.swift */ = {isa = PBXFileReference; fileEncoding = 4; lastKnownFileType = sourcecode.swift; path = TMStarFilter.swift; sourceTree = "<group>"; };
		F19620C41A881B7300DCFB85 /* TMSurpriseFilter.swift */ = {isa = PBXFileReference; fileEncoding = 4; lastKnownFileType = sourcecode.swift; path = TMSurpriseFilter.swift; sourceTree = "<group>"; };
		F19620C61A881BDE00DCFB85 /* TMTravelFilter.swift */ = {isa = PBXFileReference; fileEncoding = 4; lastKnownFileType = sourcecode.swift; path = TMTravelFilter.swift; sourceTree = "<group>"; };
		F19620C81A881C5200DCFB85 /* TMCloudFilter.swift */ = {isa = PBXFileReference; fileEncoding = 4; lastKnownFileType = sourcecode.swift; path = TMCloudFilter.swift; sourceTree = "<group>"; };
		F19620CA1A881D3E00DCFB85 /* TMFilterFactory.swift */ = {isa = PBXFileReference; fileEncoding = 4; lastKnownFileType = sourcecode.swift; path = TMFilterFactory.swift; sourceTree = "<group>"; };
		F1A142141A93FC81001D63C6 /* FilterScalarParameter.swift */ = {isa = PBXFileReference; fileEncoding = 4; lastKnownFileType = sourcecode.swift; path = FilterScalarParameter.swift; sourceTree = "<group>"; };
		F1A142161A93FC8F001D63C6 /* FilterImageParameter.swift */ = {isa = PBXFileReference; fileEncoding = 4; lastKnownFileType = sourcecode.swift; path = FilterImageParameter.swift; sourceTree = "<group>"; };
		F1A142181A93FD5B001D63C6 /* FilterParameterProtocol.swift */ = {isa = PBXFileReference; fileEncoding = 4; lastKnownFileType = sourcecode.swift; path = FilterParameterProtocol.swift; sourceTree = "<group>"; };
		F1A1421A1A940073001D63C6 /* FilterVectorParameter.swift */ = {isa = PBXFileReference; fileEncoding = 4; lastKnownFileType = sourcecode.swift; path = FilterVectorParameter.swift; sourceTree = "<group>"; };
		F1A7B75D1A585DF80033FE64 /* TMHorizontalRectMask.swift */ = {isa = PBXFileReference; fileEncoding = 4; lastKnownFileType = sourcecode.swift; path = TMHorizontalRectMask.swift; sourceTree = "<group>"; };
		F1A7B75E1A585DF80033FE64 /* TMMask.swift */ = {isa = PBXFileReference; fileEncoding = 4; lastKnownFileType = sourcecode.swift; path = TMMask.swift; sourceTree = "<group>"; };
		F1A7B75F1A585DF80033FE64 /* TMTraingleMask.swift */ = {isa = PBXFileReference; fileEncoding = 4; lastKnownFileType = sourcecode.swift; path = TMTraingleMask.swift; sourceTree = "<group>"; };
		F1A7B7601A585DF80033FE64 /* TMVerticalRectMask.swift */ = {isa = PBXFileReference; fileEncoding = 4; lastKnownFileType = sourcecode.swift; path = TMVerticalRectMask.swift; sourceTree = "<group>"; };
		F1A7B7651A585E180033FE64 /* MaskFactory.swift */ = {isa = PBXFileReference; fileEncoding = 4; lastKnownFileType = sourcecode.swift; path = MaskFactory.swift; sourceTree = "<group>"; };
		F1A7B7671A5893010033FE64 /* TMMaskViewModel.swift */ = {isa = PBXFileReference; fileEncoding = 4; lastKnownFileType = sourcecode.swift; path = TMMaskViewModel.swift; sourceTree = "<group>"; };
		F1A7B76D1A58AF4B0033FE64 /* ChooseMasksViewController.swift */ = {isa = PBXFileReference; fileEncoding = 4; lastKnownFileType = sourcecode.swift; path = ChooseMasksViewController.swift; sourceTree = "<group>"; };
		F1A7B76E1A58AF4B0033FE64 /* ChooseMasksViewController.xib */ = {isa = PBXFileReference; fileEncoding = 4; lastKnownFileType = file.xib; path = ChooseMasksViewController.xib; sourceTree = "<group>"; };
		F1A7B76F1A58AF4B0033FE64 /* MaskCollectionViewCell.swift */ = {isa = PBXFileReference; fileEncoding = 4; lastKnownFileType = sourcecode.swift; path = MaskCollectionViewCell.swift; sourceTree = "<group>"; };
		F1A7B7701A58AF4B0033FE64 /* MaskCollectionViewCell.xib */ = {isa = PBXFileReference; fileEncoding = 4; lastKnownFileType = file.xib; path = MaskCollectionViewCell.xib; sourceTree = "<group>"; };
		F1AE759A1AFAB3BC00A8335B /* MainViewController+MasksHandling.swift */ = {isa = PBXFileReference; fileEncoding = 4; lastKnownFileType = sourcecode.swift; path = "MainViewController+MasksHandling.swift"; sourceTree = "<group>"; };
		F1AE759C1AFAB65900A8335B /* MainViewController+CameraViews.swift */ = {isa = PBXFileReference; fileEncoding = 4; lastKnownFileType = sourcecode.swift; path = "MainViewController+CameraViews.swift"; sourceTree = "<group>"; };
		F1B190F91AAE4DDB0001B86E /* Array+Shuffle.swift */ = {isa = PBXFileReference; fileEncoding = 4; lastKnownFileType = sourcecode.swift; path = "Array+Shuffle.swift"; sourceTree = "<group>"; };
		F1B4ECE31A88072400C11FEF /* TMFilterInterface.swift */ = {isa = PBXFileReference; fileEncoding = 4; lastKnownFileType = sourcecode.swift; path = TMFilterInterface.swift; sourceTree = "<group>"; };
		F1B4ECE51A88082B00C11FEF /* TMArtistFilter.swift */ = {isa = PBXFileReference; fileEncoding = 4; lastKnownFileType = sourcecode.swift; path = TMArtistFilter.swift; sourceTree = "<group>"; };
		F1CC18331A97911300DB77F2 /* TakeImageNavBar.swift */ = {isa = PBXFileReference; fileEncoding = 4; lastKnownFileType = sourcecode.swift; path = TakeImageNavBar.swift; sourceTree = "<group>"; };
		F1D4B6AE1A8809AD00396E25 /* TMSunsetFilter.swift */ = {isa = PBXFileReference; fileEncoding = 4; lastKnownFileType = sourcecode.swift; path = TMSunsetFilter.swift; sourceTree = "<group>"; };
		F1D4B6B01A880A8300396E25 /* TMCocktailFilter.swift */ = {isa = PBXFileReference; fileEncoding = 4; lastKnownFileType = sourcecode.swift; path = TMCocktailFilter.swift; sourceTree = "<group>"; };
		F1D4B6B21A880B3900396E25 /* TMCoffeeFilter.swift */ = {isa = PBXFileReference; fileEncoding = 4; lastKnownFileType = sourcecode.swift; path = TMCoffeeFilter.swift; sourceTree = "<group>"; };
		F1DDA81E1AD99D730005DEDD /* MainViewController+SmallScreen.swift */ = {isa = PBXFileReference; fileEncoding = 4; lastKnownFileType = sourcecode.swift; path = "MainViewController+SmallScreen.swift"; sourceTree = "<group>"; };
		F1DDA8201AD9AD610005DEDD /* SmallScreenSharingButtonsView.swift */ = {isa = PBXFileReference; fileEncoding = 4; lastKnownFileType = sourcecode.swift; name = SmallScreenSharingButtonsView.swift; path = TagMoment/Sharing/SmallScreenSharingButtonsView.swift; sourceTree = SOURCE_ROOT; };
		F1DDA8221AD9AD890005DEDD /* SmallScreenSharingButtonsView.xib */ = {isa = PBXFileReference; fileEncoding = 4; lastKnownFileType = file.xib; path = SmallScreenSharingButtonsView.xib; sourceTree = "<group>"; };
		F1EC47991ABDFE3700081CDF /* TagsCollectionViewCell.swift */ = {isa = PBXFileReference; fileEncoding = 4; lastKnownFileType = sourcecode.swift; path = TagsCollectionViewCell.swift; sourceTree = "<group>"; };
		F1EC479A1ABDFE3700081CDF /* TagsCollectionViewCell.xib */ = {isa = PBXFileReference; fileEncoding = 4; lastKnownFileType = file.xib; path = TagsCollectionViewCell.xib; sourceTree = "<group>"; };
		F1ECA3731A88157A0018EFA2 /* TMVintageFilter.swift */ = {isa = PBXFileReference; fileEncoding = 4; lastKnownFileType = sourcecode.swift; path = TMVintageFilter.swift; sourceTree = "<group>"; };
		F1ECA3771A88167A0018EFA2 /* TMLoveFilter.swift */ = {isa = PBXFileReference; fileEncoding = 4; lastKnownFileType = sourcecode.swift; path = TMLoveFilter.swift; sourceTree = "<group>"; };
/* End PBXFileReference section */

/* Begin PBXFrameworksBuildPhase section */
		F109CE951A56F8770011CA55 /* Frameworks */ = {
			isa = PBXFrameworksBuildPhase;
			buildActionMask = 2147483647;
			files = (
				F17672741AA515FA00588865 /* OpenGLES.framework in Frameworks */,
				F17672721AA515F200588865 /* SystemConfiguration.framework in Frameworks */,
				F17672701AA515E900588865 /* AVFoundation.framework in Frameworks */,
				F176726E1AA515E200588865 /* CoreMedia.framework in Frameworks */,
				F176726C1AA515D500588865 /* CoreMotion.framework in Frameworks */,
				F17672691AA515BF00588865 /* libTestFairy.a in Frameworks */,
			);
			runOnlyForDeploymentPostprocessing = 0;
		};
		F109CEAC1A56F8770011CA55 /* Frameworks */ = {
			isa = PBXFrameworksBuildPhase;
			buildActionMask = 2147483647;
			files = (
			);
			runOnlyForDeploymentPostprocessing = 0;
		};
/* End PBXFrameworksBuildPhase section */

/* Begin PBXGroup section */
		F10185891A673E37003F906E /* Filters */ = {
			isa = PBXGroup;
			children = (
				F1B4ECE21A8806EE00C11FEF /* FilterModels */,
				F101858A1A673E4D003F906E /* ChooseFiltersViewController.swift */,
				F101858B1A673E4D003F906E /* ChooseFiltersViewController.xib */,
				F101858E1A674120003F906E /* FilterCollectionViewCell.swift */,
				F10185901A67414A003F906E /* FilterCollectionViewCell.xib */,
			);
			path = Filters;
			sourceTree = "<group>";
		};
		F10185921A67434F003F906E /* Utils */ = {
			isa = PBXGroup;
			children = (
				F10185931A67434F003F906E /* ImageProcessingUtil.swift */,
				F10185941A67434F003F906E /* ViewLayoutUtils.swift */,
				F1B190F91AAE4DDB0001B86E /* Array+Shuffle.swift */,
				F168646A1B1CEB8A007B61A1 /* VisualEffectsUtil.swift */,
			);
			path = Utils;
			sourceTree = "<group>";
		};
		F101F15F1A6B191B004849F1 /* Controls */ = {
			isa = PBXGroup;
			children = (
				F101F1601A6B202D004849F1 /* SlidingView.swift */,
				F1CC18331A97911300DB77F2 /* TakeImageNavBar.swift */,
				F10F63671A97927A00EDCAE3 /* NavbarView.xib */,
				F17A416C1AB477930074E5F5 /* TMTextField.swift */,
				F16112351AED7C3800A453C6 /* ClippingViewWithTouch.swift */,
				F161782D1B16525C00444D9E /* PaddedLabel.swift */,
				F15F398D1B1BB260002ADAAF /* SlidingButton.swift */,
			);
			path = Controls;
			sourceTree = "<group>";
		};
		F109CE8F1A56F8770011CA55 = {
			isa = PBXGroup;
			children = (
				F17672731AA515FA00588865 /* OpenGLES.framework */,
				F17672711AA515F200588865 /* SystemConfiguration.framework */,
				F176726F1AA515E900588865 /* AVFoundation.framework */,
				F176726D1AA515E200588865 /* CoreMedia.framework */,
				F176726B1AA515D500588865 /* CoreMotion.framework */,
				F109CE9A1A56F8770011CA55 /* TagMoment */,
				F109CEB21A56F8770011CA55 /* TagMomentTests */,
				F109CE991A56F8770011CA55 /* Products */,
			);
			sourceTree = "<group>";
		};
		F109CE991A56F8770011CA55 /* Products */ = {
			isa = PBXGroup;
			children = (
				F109CE981A56F8770011CA55 /* TagMoment.app */,
				F109CEAF1A56F8770011CA55 /* TagMomentTests.xctest */,
			);
			name = Products;
			sourceTree = "<group>";
		};
		F109CE9A1A56F8770011CA55 /* TagMoment */ = {
			isa = PBXGroup;
			children = (
				F175A12B1AD8370200760025 /* MainView */,
				F17672641AA515BF00588865 /* Externals */,
				F15AA38E1A99432E0045BFD3 /* Sharing */,
				F101F15F1A6B191B004849F1 /* Controls */,
				F10185921A67434F003F906E /* Utils */,
				F10185891A673E37003F906E /* Filters */,
				F137FDCE1A648CC7007B40B3 /* Camera */,
				F1604C741A5754410055C721 /* Masks */,
				F1604C6D1A574CC40055C721 /* Resources */,
				F109CE9D1A56F8770011CA55 /* AppDelegate.swift */,
				F109CEA61A56F8770011CA55 /* Images.xcassets */,
				F109CE9B1A56F8770011CA55 /* Supporting Files */,
			);
			path = TagMoment;
			sourceTree = "<group>";
		};
		F109CE9B1A56F8770011CA55 /* Supporting Files */ = {
			isa = PBXGroup;
			children = (
				F17A41731AB480070074E5F5 /* iCarousel-Bridging-Header.h */,
				F109CE9C1A56F8770011CA55 /* Info.plist */,
				F17672751AA5195F00588865 /* TestFairy-Bridging-Header.h */,
			);
			name = "Supporting Files";
			sourceTree = "<group>";
		};
		F109CEB21A56F8770011CA55 /* TagMomentTests */ = {
			isa = PBXGroup;
			children = (
				F109CEB51A56F8770011CA55 /* TagMomentTests.swift */,
				F109CEB31A56F8770011CA55 /* Supporting Files */,
			);
			path = TagMomentTests;
			sourceTree = "<group>";
		};
		F109CEB31A56F8770011CA55 /* Supporting Files */ = {
			isa = PBXGroup;
			children = (
				F109CEB41A56F8770011CA55 /* Info.plist */,
			);
			name = "Supporting Files";
			sourceTree = "<group>";
		};
		F137FDCE1A648CC7007B40B3 /* Camera */ = {
			isa = PBXGroup;
			children = (
				F137FDCF1A648CEF007B40B3 /* CameraSessionService.swift */,
			);
			path = Camera;
			sourceTree = "<group>";
		};
		F15AA38E1A99432E0045BFD3 /* Sharing */ = {
			isa = PBXGroup;
			children = (
				F1EC47981ABDFDBF00081CDF /* Tags */,
				F16D27741A9A712B0000F759 /* SharingViewController.swift */,
				F16D27751A9A712B0000F759 /* SharingViewController.xib */,
				F1DDA8201AD9AD610005DEDD /* SmallScreenSharingButtonsView.swift */,
				F1DDA8221AD9AD890005DEDD /* SmallScreenSharingButtonsView.xib */,
			);
			path = Sharing;
			sourceTree = "<group>";
		};
		F1604C6D1A574CC40055C721 /* Resources */ = {
			isa = PBXGroup;
			children = (
				F16D27791A9A83570000F759 /* GiddyupStd.ttf */,
				F1604C6E1A574CC40055C721 /* image1.jpeg */,
				F1604C6F1A574CC40055C721 /* image2.jpeg */,
			);
			path = Resources;
			sourceTree = "<group>";
		};
		F1604C741A5754410055C721 /* Masks */ = {
			isa = PBXGroup;
			children = (
				F1A7B76D1A58AF4B0033FE64 /* ChooseMasksViewController.swift */,
				F1A7B76E1A58AF4B0033FE64 /* ChooseMasksViewController.xib */,
				F1A7B76F1A58AF4B0033FE64 /* MaskCollectionViewCell.swift */,
				F1A7B7701A58AF4B0033FE64 /* MaskCollectionViewCell.xib */,
				F1A7B75C1A585DF80033FE64 /* Models */,
				F1A7B7651A585E180033FE64 /* MaskFactory.swift */,
			);
			path = Masks;
			sourceTree = "<group>";
		};
		F161782F1B166FA400444D9E /* Menu */ = {
			isa = PBXGroup;
			children = (
				F16864641B1CDFF8007B61A1 /* MenuViewController.swift */,
				F16864651B1CDFF8007B61A1 /* MenuViewController.xib */,
				F16864701B1CF3CF007B61A1 /* FeedbackViewController.swift */,
				F16864711B1CF3CF007B61A1 /* FeedbackViewController.xib */,
			);
			path = Menu;
			sourceTree = "<group>";
		};
		F175A12B1AD8370200760025 /* MainView */ = {
			isa = PBXGroup;
			children = (
				F161782F1B166FA400444D9E /* Menu */,
				F175A12C1AD8370200760025 /* MainViewController.swift */,
				F175A12D1AD8370200760025 /* MainViewController.xib */,
				F1DDA81E1AD99D730005DEDD /* MainViewController+SmallScreen.swift */,
				F1AE759A1AFAB3BC00A8335B /* MainViewController+MasksHandling.swift */,
				F1AE759C1AFAB65900A8335B /* MainViewController+CameraViews.swift */,
				F16864681B1CE2BD007B61A1 /* MainViewController+Menu.swift */,
			);
			path = MainView;
			sourceTree = "<group>";
		};
		F17672641AA515BF00588865 /* Externals */ = {
			isa = PBXGroup;
			children = (
				F17A416E1AB47FAC0074E5F5 /* iCarousel */,
				F17672651AA515BF00588865 /* TestFairy */,
			);
			path = Externals;
			sourceTree = "<group>";
		};
		F17672651AA515BF00588865 /* TestFairy */ = {
			isa = PBXGroup;
			children = (
				F17672661AA515BF00588865 /* libTestFairy.a */,
				F17672671AA515BF00588865 /* TestFairy.h */,
				F17672681AA515BF00588865 /* upload-dsym.sh */,
			);
			path = TestFairy;
			sourceTree = "<group>";
		};
		F17A416E1AB47FAC0074E5F5 /* iCarousel */ = {
			isa = PBXGroup;
			children = (
				F17A416F1AB47FAC0074E5F5 /* iCarousel.h */,
				F17A41701AB47FAC0074E5F5 /* iCarousel.m */,
			);
			path = iCarousel;
			sourceTree = "<group>";
		};
		F1A142131A93FC81001D63C6 /* FilterParameters */ = {
			isa = PBXGroup;
			children = (
				F1A142141A93FC81001D63C6 /* FilterScalarParameter.swift */,
				F1A142161A93FC8F001D63C6 /* FilterImageParameter.swift */,
				F1A142181A93FD5B001D63C6 /* FilterParameterProtocol.swift */,
				F1A1421A1A940073001D63C6 /* FilterVectorParameter.swift */,
				F175A1301AD850B800760025 /* FilterConstantParameter.swift */,
			);
			path = FilterParameters;
			sourceTree = "<group>";
		};
		F1A7B75C1A585DF80033FE64 /* Models */ = {
			isa = PBXGroup;
			children = (
				F1A7B75D1A585DF80033FE64 /* TMHorizontalRectMask.swift */,
				F15AD4161B029E4200D18472 /* TMDiamondMask.swift */,
				F15AD4121B029A1700D18472 /* TMTopHalfCircleMask.swift */,
				F1A7B75E1A585DF80033FE64 /* TMMask.swift */,
				F1A7B75F1A585DF80033FE64 /* TMTraingleMask.swift */,
				F1A7B7601A585DF80033FE64 /* TMVerticalRectMask.swift */,
				F1A7B7671A5893010033FE64 /* TMMaskViewModel.swift */,
				F14A81421A58B0B300B5D14F /* TMCircleMask.swift */,
				F14A81441A58B31500B5D14F /* TMWaveMask.swift */,
				F14A81461A58B52700B5D14F /* TMHeartMask.swift */,
				F156B4271A5C918600B1E0EA /* TMMaskCasual.swift */,
				F15AD4141B029D4000D18472 /* TMBottomHalfCircleMask.swift */,
				F14FDB061B0BD9C4002C4A5D /* TMStarMask.swift */,
				F14FDB081B0BDA07002C4A5D /* StarMaskPathBuilder.swift */,
				F14FDB0A1B0BDDBD002C4A5D /* TMBubbleMask.swift */,
			);
			path = Models;
			sourceTree = "<group>";
		};
		F1B4ECE21A8806EE00C11FEF /* FilterModels */ = {
			isa = PBXGroup;
			children = (
				F1A142131A93FC81001D63C6 /* FilterParameters */,
				F1B4ECE31A88072400C11FEF /* TMFilterInterface.swift */,
				F14C27091AC9E86700C19968 /* TMSunFilter.swift */,
				F1D4B6AE1A8809AD00396E25 /* TMSunsetFilter.swift */,
				F1B4ECE51A88082B00C11FEF /* TMArtistFilter.swift */,
				F19620C01A881A8800DCFB85 /* TMMusicFilter.swift */,
				F1ECA3771A88167A0018EFA2 /* TMLoveFilter.swift */,
				F1ECA3731A88157A0018EFA2 /* TMVintageFilter.swift */,
				F19620C21A881B0800DCFB85 /* TMStarFilter.swift */,
				F1D4B6B01A880A8300396E25 /* TMCocktailFilter.swift */,
				F175A1341AD85E6F00760025 /* TMGamerFilter.swift */,
				F19620C61A881BDE00DCFB85 /* TMTravelFilter.swift */,
				F1D4B6B21A880B3900396E25 /* TMCoffeeFilter.swift */,
				F19620C41A881B7300DCFB85 /* TMSurpriseFilter.swift */,
				F19620C81A881C5200DCFB85 /* TMCloudFilter.swift */,
				F11647851A880BC10094BEF4 /* TMFireFilter.swift */,
				F19620CA1A881D3E00DCFB85 /* TMFilterFactory.swift */,
				F16A45221A93930700230DAD /* TMFilterBase.swift */,
				F175A1321AD859F500760025 /* TMAlphaFilterBase.swift */,
			);
			path = FilterModels;
			sourceTree = "<group>";
		};
		F1EC47981ABDFDBF00081CDF /* Tags */ = {
			isa = PBXGroup;
			children = (
				F1EC47991ABDFE3700081CDF /* TagsCollectionViewCell.swift */,
				F1EC479A1ABDFE3700081CDF /* TagsCollectionViewCell.xib */,
				F14C27061AC9E58800C19968 /* LeftAligned.h */,
				F14C27071AC9E58800C19968 /* LeftAligned.m */,
			);
			path = Tags;
			sourceTree = "<group>";
		};
/* End PBXGroup section */

/* Begin PBXNativeTarget section */
		F109CE971A56F8770011CA55 /* TagMoment */ = {
			isa = PBXNativeTarget;
			buildConfigurationList = F109CEB91A56F8770011CA55 /* Build configuration list for PBXNativeTarget "TagMoment" */;
			buildPhases = (
				F109CE941A56F8770011CA55 /* Sources */,
				F109CE951A56F8770011CA55 /* Frameworks */,
				F109CE961A56F8770011CA55 /* Resources */,
			);
			buildRules = (
			);
			dependencies = (
			);
			name = TagMoment;
			productName = TagMoment;
			productReference = F109CE981A56F8770011CA55 /* TagMoment.app */;
			productType = "com.apple.product-type.application";
		};
		F109CEAE1A56F8770011CA55 /* TagMomentTests */ = {
			isa = PBXNativeTarget;
			buildConfigurationList = F109CEBC1A56F8770011CA55 /* Build configuration list for PBXNativeTarget "TagMomentTests" */;
			buildPhases = (
				F109CEAB1A56F8770011CA55 /* Sources */,
				F109CEAC1A56F8770011CA55 /* Frameworks */,
				F109CEAD1A56F8770011CA55 /* Resources */,
			);
			buildRules = (
			);
			dependencies = (
				F109CEB11A56F8770011CA55 /* PBXTargetDependency */,
			);
			name = TagMomentTests;
			productName = TagMomentTests;
			productReference = F109CEAF1A56F8770011CA55 /* TagMomentTests.xctest */;
			productType = "com.apple.product-type.bundle.unit-test";
		};
/* End PBXNativeTarget section */

/* Begin PBXProject section */
		F109CE901A56F8770011CA55 /* Project object */ = {
			isa = PBXProject;
			attributes = {
				LastUpgradeCheck = 0610;
				ORGANIZATIONNAME = TagMoment;
				TargetAttributes = {
					F109CE971A56F8770011CA55 = {
						CreatedOnToolsVersion = 6.1.1;
						DevelopmentTeam = 46DWPR6488;
					};
					F109CEAE1A56F8770011CA55 = {
						CreatedOnToolsVersion = 6.1.1;
						TestTargetID = F109CE971A56F8770011CA55;
					};
				};
			};
			buildConfigurationList = F109CE931A56F8770011CA55 /* Build configuration list for PBXProject "TagMoment" */;
			compatibilityVersion = "Xcode 3.2";
			developmentRegion = English;
			hasScannedForEncodings = 0;
			knownRegions = (
				en,
				Base,
			);
			mainGroup = F109CE8F1A56F8770011CA55;
			productRefGroup = F109CE991A56F8770011CA55 /* Products */;
			projectDirPath = "";
			projectRoot = "";
			targets = (
				F109CE971A56F8770011CA55 /* TagMoment */,
				F109CEAE1A56F8770011CA55 /* TagMomentTests */,
			);
		};
/* End PBXProject section */

/* Begin PBXResourcesBuildPhase section */
		F109CE961A56F8770011CA55 /* Resources */ = {
			isa = PBXResourcesBuildPhase;
			buildActionMask = 2147483647;
			files = (
				F101858D1A673E4D003F906E /* ChooseFiltersViewController.xib in Resources */,
				F175A12F1AD8370200760025 /* MainViewController.xib in Resources */,
				F1A7B7721A58AF4B0033FE64 /* ChooseMasksViewController.xib in Resources */,
				F10F63681A97927A00EDCAE3 /* NavbarView.xib in Resources */,
				F16D27771A9A712B0000F759 /* SharingViewController.xib in Resources */,
				F16D277A1A9A84F60000F759 /* GiddyupStd.ttf in Resources */,
				F10185911A67414A003F906E /* FilterCollectionViewCell.xib in Resources */,
				F16864671B1CDFF8007B61A1 /* MenuViewController.xib in Resources */,
				F1EC479C1ABDFE3700081CDF /* TagsCollectionViewCell.xib in Resources */,
				F1604C711A574CC40055C721 /* image2.jpeg in Resources */,
				F109CEA71A56F8770011CA55 /* Images.xcassets in Resources */,
				F1A7B7741A58AF4B0033FE64 /* MaskCollectionViewCell.xib in Resources */,
				F1DDA8231AD9AD890005DEDD /* SmallScreenSharingButtonsView.xib in Resources */,
				F176726A1AA515BF00588865 /* upload-dsym.sh in Resources */,
				F1604C701A574CC40055C721 /* image1.jpeg in Resources */,
				F16864731B1CF3CF007B61A1 /* FeedbackViewController.xib in Resources */,
			);
			runOnlyForDeploymentPostprocessing = 0;
		};
		F109CEAD1A56F8770011CA55 /* Resources */ = {
			isa = PBXResourcesBuildPhase;
			buildActionMask = 2147483647;
			files = (
			);
			runOnlyForDeploymentPostprocessing = 0;
		};
/* End PBXResourcesBuildPhase section */

/* Begin PBXSourcesBuildPhase section */
		F109CE941A56F8770011CA55 /* Sources */ = {
			isa = PBXSourcesBuildPhase;
			buildActionMask = 2147483647;
			files = (
				F1A142171A93FC8F001D63C6 /* FilterImageParameter.swift in Sources */,
				F1A142191A93FD5B001D63C6 /* FilterParameterProtocol.swift in Sources */,
				F1CC18341A97911300DB77F2 /* TakeImageNavBar.swift in Sources */,
				F14C27081AC9E58800C19968 /* LeftAligned.m in Sources */,
				F17A416D1AB477930074E5F5 /* TMTextField.swift in Sources */,
				F1A7B7641A585DF80033FE64 /* TMVerticalRectMask.swift in Sources */,
				F1ECA3781A88167A0018EFA2 /* TMLoveFilter.swift in Sources */,
				F16864661B1CDFF8007B61A1 /* MenuViewController.swift in Sources */,
				F14A81431A58B0B300B5D14F /* TMCircleMask.swift in Sources */,
				F19620CB1A881D3E00DCFB85 /* TMFilterFactory.swift in Sources */,
				F15AD4131B029A1700D18472 /* TMTopHalfCircleMask.swift in Sources */,
				F1AE759D1AFAB65900A8335B /* MainViewController+CameraViews.swift in Sources */,
				F16864691B1CE2BD007B61A1 /* MainViewController+Menu.swift in Sources */,
				F16D27761A9A712B0000F759 /* SharingViewController.swift in Sources */,
				F14FDB0B1B0BDDBD002C4A5D /* TMBubbleMask.swift in Sources */,
				F175A12E1AD8370200760025 /* MainViewController.swift in Sources */,
				F14C270A1AC9E86700C19968 /* TMSunFilter.swift in Sources */,
				F156B4281A5C918600B1E0EA /* TMMaskCasual.swift in Sources */,
				F168646B1B1CEB8A007B61A1 /* VisualEffectsUtil.swift in Sources */,
				F15AD4151B029D4000D18472 /* TMBottomHalfCircleMask.swift in Sources */,
				F19620C71A881BDE00DCFB85 /* TMTravelFilter.swift in Sources */,
				F14A81451A58B31500B5D14F /* TMWaveMask.swift in Sources */,
				F1A7B7731A58AF4B0033FE64 /* MaskCollectionViewCell.swift in Sources */,
				F16864721B1CF3CF007B61A1 /* FeedbackViewController.swift in Sources */,
				F1B4ECE41A88072400C11FEF /* TMFilterInterface.swift in Sources */,
				F1DDA8211AD9AD610005DEDD /* SmallScreenSharingButtonsView.swift in Sources */,
				F1D4B6B11A880A8300396E25 /* TMCocktailFilter.swift in Sources */,
				F1A7B7631A585DF80033FE64 /* TMTraingleMask.swift in Sources */,
				F1EC479B1ABDFE3700081CDF /* TagsCollectionViewCell.swift in Sources */,
				F19620C11A881A8800DCFB85 /* TMMusicFilter.swift in Sources */,
				F15AD4171B029E4200D18472 /* TMDiamondMask.swift in Sources */,
				F1A7B7661A585E180033FE64 /* MaskFactory.swift in Sources */,
				F1A7B7621A585DF80033FE64 /* TMMask.swift in Sources */,
				F1A7B7611A585DF80033FE64 /* TMHorizontalRectMask.swift in Sources */,
				F101F1611A6B202D004849F1 /* SlidingView.swift in Sources */,
				F175A1311AD850B800760025 /* FilterConstantParameter.swift in Sources */,
				F101858F1A674120003F906E /* FilterCollectionViewCell.swift in Sources */,
				F14FDB071B0BD9C4002C4A5D /* TMStarMask.swift in Sources */,
				F1ECA3741A88157A0018EFA2 /* TMVintageFilter.swift in Sources */,
				F16A45231A93930700230DAD /* TMFilterBase.swift in Sources */,
				F19620C51A881B7300DCFB85 /* TMSurpriseFilter.swift in Sources */,
				F1D4B6B31A880B3900396E25 /* TMCoffeeFilter.swift in Sources */,
				F16112361AED7C3800A453C6 /* ClippingViewWithTouch.swift in Sources */,
				F14FDB091B0BDA07002C4A5D /* StarMaskPathBuilder.swift in Sources */,
				F175A1331AD859F500760025 /* TMAlphaFilterBase.swift in Sources */,
				F10185961A67434F003F906E /* ViewLayoutUtils.swift in Sources */,
				F175A1351AD85E6F00760025 /* TMGamerFilter.swift in Sources */,
				F15F398E1B1BB260002ADAAF /* SlidingButton.swift in Sources */,
				F1D4B6AF1A8809AD00396E25 /* TMSunsetFilter.swift in Sources */,
				F1DDA81F1AD99D730005DEDD /* MainViewController+SmallScreen.swift in Sources */,
				F109CE9E1A56F8770011CA55 /* AppDelegate.swift in Sources */,
				F10185951A67434F003F906E /* ImageProcessingUtil.swift in Sources */,
				F19620C91A881C5200DCFB85 /* TMCloudFilter.swift in Sources */,
				F161782E1B16525C00444D9E /* PaddedLabel.swift in Sources */,
				F1B190FA1AAE4DDB0001B86E /* Array+Shuffle.swift in Sources */,
				F1B4ECE61A88082B00C11FEF /* TMArtistFilter.swift in Sources */,
				F137FDD01A648CEF007B40B3 /* CameraSessionService.swift in Sources */,
				F14A81471A58B52700B5D14F /* TMHeartMask.swift in Sources */,
				F11647861A880BC10094BEF4 /* TMFireFilter.swift in Sources */,
				F17A41711AB47FAC0074E5F5 /* iCarousel.m in Sources */,
				F1A7B7711A58AF4B0033FE64 /* ChooseMasksViewController.swift in Sources */,
				F1AE759B1AFAB3BC00A8335B /* MainViewController+MasksHandling.swift in Sources */,
				F1A7B7681A5893010033FE64 /* TMMaskViewModel.swift in Sources */,
				F101858C1A673E4D003F906E /* ChooseFiltersViewController.swift in Sources */,
				F19620C31A881B0800DCFB85 /* TMStarFilter.swift in Sources */,
				F1A142151A93FC81001D63C6 /* FilterScalarParameter.swift in Sources */,
				F1A1421B1A940073001D63C6 /* FilterVectorParameter.swift in Sources */,
			);
			runOnlyForDeploymentPostprocessing = 0;
		};
		F109CEAB1A56F8770011CA55 /* Sources */ = {
			isa = PBXSourcesBuildPhase;
			buildActionMask = 2147483647;
			files = (
				F109CEB61A56F8770011CA55 /* TagMomentTests.swift in Sources */,
			);
			runOnlyForDeploymentPostprocessing = 0;
		};
/* End PBXSourcesBuildPhase section */

/* Begin PBXTargetDependency section */
		F109CEB11A56F8770011CA55 /* PBXTargetDependency */ = {
			isa = PBXTargetDependency;
			target = F109CE971A56F8770011CA55 /* TagMoment */;
			targetProxy = F109CEB01A56F8770011CA55 /* PBXContainerItemProxy */;
		};
/* End PBXTargetDependency section */

/* Begin XCBuildConfiguration section */
		F109CEB71A56F8770011CA55 /* Debug */ = {
			isa = XCBuildConfiguration;
			buildSettings = {
				ALWAYS_SEARCH_USER_PATHS = NO;
				CLANG_CXX_LANGUAGE_STANDARD = "gnu++0x";
				CLANG_CXX_LIBRARY = "libc++";
				CLANG_ENABLE_MODULES = YES;
				CLANG_ENABLE_OBJC_ARC = YES;
				CLANG_WARN_BOOL_CONVERSION = YES;
				CLANG_WARN_CONSTANT_CONVERSION = YES;
				CLANG_WARN_DIRECT_OBJC_ISA_USAGE = YES_ERROR;
				CLANG_WARN_EMPTY_BODY = YES;
				CLANG_WARN_ENUM_CONVERSION = YES;
				CLANG_WARN_INT_CONVERSION = YES;
				CLANG_WARN_OBJC_ROOT_CLASS = YES_ERROR;
				CLANG_WARN_UNREACHABLE_CODE = YES;
				CLANG_WARN__DUPLICATE_METHOD_MATCH = YES;
				"CODE_SIGN_IDENTITY[sdk=iphoneos*]" = "iPhone Developer";
				COPY_PHASE_STRIP = NO;
				ENABLE_STRICT_OBJC_MSGSEND = YES;
				GCC_C_LANGUAGE_STANDARD = gnu99;
				GCC_DYNAMIC_NO_PIC = NO;
				GCC_OPTIMIZATION_LEVEL = 0;
				GCC_PREPROCESSOR_DEFINITIONS = (
					"DEBUG=1",
					"$(inherited)",
				);
				GCC_SYMBOLS_PRIVATE_EXTERN = NO;
				GCC_WARN_64_TO_32_BIT_CONVERSION = YES;
				GCC_WARN_ABOUT_RETURN_TYPE = YES_ERROR;
				GCC_WARN_UNDECLARED_SELECTOR = YES;
				GCC_WARN_UNINITIALIZED_AUTOS = YES_AGGRESSIVE;
				GCC_WARN_UNUSED_FUNCTION = YES;
				GCC_WARN_UNUSED_VARIABLE = YES;
				IPHONEOS_DEPLOYMENT_TARGET = 8.1;
				MTL_ENABLE_DEBUG_INFO = YES;
				ONLY_ACTIVE_ARCH = YES;
				SDKROOT = iphoneos;
				SWIFT_OPTIMIZATION_LEVEL = "-Onone";
				TARGETED_DEVICE_FAMILY = "1,2";
			};
			name = Debug;
		};
		F109CEB81A56F8770011CA55 /* Release */ = {
			isa = XCBuildConfiguration;
			buildSettings = {
				ALWAYS_SEARCH_USER_PATHS = NO;
				CLANG_CXX_LANGUAGE_STANDARD = "gnu++0x";
				CLANG_CXX_LIBRARY = "libc++";
				CLANG_ENABLE_MODULES = YES;
				CLANG_ENABLE_OBJC_ARC = YES;
				CLANG_WARN_BOOL_CONVERSION = YES;
				CLANG_WARN_CONSTANT_CONVERSION = YES;
				CLANG_WARN_DIRECT_OBJC_ISA_USAGE = YES_ERROR;
				CLANG_WARN_EMPTY_BODY = YES;
				CLANG_WARN_ENUM_CONVERSION = YES;
				CLANG_WARN_INT_CONVERSION = YES;
				CLANG_WARN_OBJC_ROOT_CLASS = YES_ERROR;
				CLANG_WARN_UNREACHABLE_CODE = YES;
				CLANG_WARN__DUPLICATE_METHOD_MATCH = YES;
				"CODE_SIGN_IDENTITY[sdk=iphoneos*]" = "iPhone Developer";
				COPY_PHASE_STRIP = YES;
				ENABLE_NS_ASSERTIONS = NO;
				ENABLE_STRICT_OBJC_MSGSEND = YES;
				GCC_C_LANGUAGE_STANDARD = gnu99;
				GCC_WARN_64_TO_32_BIT_CONVERSION = YES;
				GCC_WARN_ABOUT_RETURN_TYPE = YES_ERROR;
				GCC_WARN_UNDECLARED_SELECTOR = YES;
				GCC_WARN_UNINITIALIZED_AUTOS = YES_AGGRESSIVE;
				GCC_WARN_UNUSED_FUNCTION = YES;
				GCC_WARN_UNUSED_VARIABLE = YES;
				IPHONEOS_DEPLOYMENT_TARGET = 8.1;
				MTL_ENABLE_DEBUG_INFO = NO;
				SDKROOT = iphoneos;
				TARGETED_DEVICE_FAMILY = "1,2";
				VALIDATE_PRODUCT = YES;
			};
			name = Release;
		};
		F109CEBA1A56F8770011CA55 /* Debug */ = {
			isa = XCBuildConfiguration;
			buildSettings = {
				ASSETCATALOG_COMPILER_APPICON_NAME = AppIcon;
				ASSETCATALOG_COMPILER_LAUNCHIMAGE_NAME = "LaunchImage-2";
				CODE_SIGN_IDENTITY = "iPhone Developer: Tomer Hershkovitz (RA43GHR95U)";
				"CODE_SIGN_IDENTITY[sdk=iphoneos*]" = "iPhone Developer: Tomer Hershkovitz (RA43GHR95U)";
				HEADER_SEARCH_PATHS = (
					"$(inherited)",
					/Applications/Xcode.app/Contents/Developer/Toolchains/XcodeDefault.xctoolchain/usr/include,
					"$(PROJECT_DIR)/TagMoment/Externals/TestFairy",
				);
				INFOPLIST_FILE = TagMoment/Info.plist;
				IPHONEOS_DEPLOYMENT_TARGET = 7.1;
				LD_RUNPATH_SEARCH_PATHS = "$(inherited) @executable_path/Frameworks";
				LIBRARY_SEARCH_PATHS = (
					"$(inherited)",
					"$(PROJECT_DIR)/TagMoment/Externals/TestFairy",
				);
				PRODUCT_NAME = "$(TARGET_NAME)";
				PROVISIONING_PROFILE = "";
				SWIFT_INCLUDE_PATHS = "$(PROJECT_DIR)/TagMoment/Externals/TestFairy";
				SWIFT_OBJC_BRIDGING_HEADER = "$(SRCROOT)/TagMoment/TestFairy-Bridging-Header.h";
				"SWIFT_OBJC_BRIDGING_HEADER[arch=*]" = "$(SRCROOT)/TagMoment/TestFairy-Bridging-Header.h";
			};
			name = Debug;
		};
		F109CEBB1A56F8770011CA55 /* Release */ = {
			isa = XCBuildConfiguration;
			buildSettings = {
				ASSETCATALOG_COMPILER_APPICON_NAME = AppIcon;
				ASSETCATALOG_COMPILER_LAUNCHIMAGE_NAME = "LaunchImage-2";
				CODE_SIGN_IDENTITY = "iPhone Distribution: Tomer Hershkovitz";
				"CODE_SIGN_IDENTITY[sdk=iphoneos*]" = "iPhone Distribution: Tomer Hershkovitz";
				HEADER_SEARCH_PATHS = (
					"$(inherited)",
					/Applications/Xcode.app/Contents/Developer/Toolchains/XcodeDefault.xctoolchain/usr/include,
					"$(PROJECT_DIR)/TagMoment/Externals/TestFairy",
				);
				INFOPLIST_FILE = TagMoment/Info.plist;
				IPHONEOS_DEPLOYMENT_TARGET = 7.1;
				LD_RUNPATH_SEARCH_PATHS = "$(inherited) @executable_path/Frameworks";
				LIBRARY_SEARCH_PATHS = (
					"$(inherited)",
					"$(PROJECT_DIR)/TagMoment/Externals/TestFairy",
				);
				PRODUCT_NAME = "$(TARGET_NAME)";
				PROVISIONING_PROFILE = "";
				SWIFT_INCLUDE_PATHS = "$(PROJECT_DIR)/TagMoment/Externals/TestFairy";
				SWIFT_OBJC_BRIDGING_HEADER = "$(SRCROOT)/TagMoment/TestFairy-Bridging-Header.h";
			};
			name = Release;
		};
		F109CEBD1A56F8770011CA55 /* Debug */ = {
			isa = XCBuildConfiguration;
			buildSettings = {
				BUNDLE_LOADER = "$(TEST_HOST)";
				FRAMEWORK_SEARCH_PATHS = (
					"$(SDKROOT)/Developer/Library/Frameworks",
					"$(inherited)",
				);
				GCC_PREPROCESSOR_DEFINITIONS = (
					"DEBUG=1",
					"$(inherited)",
				);
				INFOPLIST_FILE = TagMomentTests/Info.plist;
				LD_RUNPATH_SEARCH_PATHS = "$(inherited) @executable_path/Frameworks @loader_path/Frameworks";
				PRODUCT_NAME = "$(TARGET_NAME)";
				TEST_HOST = "$(BUILT_PRODUCTS_DIR)/TagMoment.app/TagMoment";
			};
			name = Debug;
		};
		F109CEBE1A56F8770011CA55 /* Release */ = {
			isa = XCBuildConfiguration;
			buildSettings = {
				BUNDLE_LOADER = "$(TEST_HOST)";
				FRAMEWORK_SEARCH_PATHS = (
					"$(SDKROOT)/Developer/Library/Frameworks",
					"$(inherited)",
				);
				INFOPLIST_FILE = TagMomentTests/Info.plist;
				LD_RUNPATH_SEARCH_PATHS = "$(inherited) @executable_path/Frameworks @loader_path/Frameworks";
				PRODUCT_NAME = "$(TARGET_NAME)";
				TEST_HOST = "$(BUILT_PRODUCTS_DIR)/TagMoment.app/TagMoment";
			};
			name = Release;
		};
/* End XCBuildConfiguration section */

/* Begin XCConfigurationList section */
		F109CE931A56F8770011CA55 /* Build configuration list for PBXProject "TagMoment" */ = {
			isa = XCConfigurationList;
			buildConfigurations = (
				F109CEB71A56F8770011CA55 /* Debug */,
				F109CEB81A56F8770011CA55 /* Release */,
			);
			defaultConfigurationIsVisible = 0;
			defaultConfigurationName = Release;
		};
		F109CEB91A56F8770011CA55 /* Build configuration list for PBXNativeTarget "TagMoment" */ = {
			isa = XCConfigurationList;
			buildConfigurations = (
				F109CEBA1A56F8770011CA55 /* Debug */,
				F109CEBB1A56F8770011CA55 /* Release */,
			);
			defaultConfigurationIsVisible = 0;
			defaultConfigurationName = Release;
		};
		F109CEBC1A56F8770011CA55 /* Build configuration list for PBXNativeTarget "TagMomentTests" */ = {
			isa = XCConfigurationList;
			buildConfigurations = (
				F109CEBD1A56F8770011CA55 /* Debug */,
				F109CEBE1A56F8770011CA55 /* Release */,
			);
			defaultConfigurationIsVisible = 0;
			defaultConfigurationName = Release;
		};
/* End XCConfigurationList section */
	};
	rootObject = F109CE901A56F8770011CA55 /* Project object */;
}
